
Microsoft Visual Studio Solution File, Format Version 12.00
# Visual Studio Version 17
VisualStudioVersion = 17.8.34316.72
MinimumVisualStudioVersion = 10.0.40219.1
Project("{8BC9CEB8-8B4A-11D0-8D11-00A0C91BC942}") = "CHP lab GCD", "CHP lab GCD\CHP lab GCD.vcxproj", "{46B2FAD0-6E07-43D6-B87A-526F6DAAD7D2}"
EndProject
Global
	GlobalSection(SolutionConfigurationPlatforms) = preSolution
		Debug|x64 = Debug|x64
		Debug|x86 = Debug|x86
		Release|x64 = Release|x64
		Release|x86 = Release|x86
	EndGlobalSection
	GlobalSection(ProjectConfigurationPlatforms) = postSolution
		{46B2FAD0-6E07-43D6-B87A-526F6DAAD7D2}.Debug|x64.ActiveCfg = Debug|x64
		{46B2FAD0-6E07-43D6-B87A-526F6DAAD7D2}.Debug|x64.Build.0 = Debug|x64
		{46B2FAD0-6E07-43D6-B87A-526F6DAAD7D2}.Debug|x86.ActiveCfg = Debug|Win32
		{46B2FAD0-6E07-43D6-B87A-526F6DAAD7D2}.Debug|x86.Build.0 = Debug|Win32
		{46B2FAD0-6E07-43D6-B87A-526F6DAAD7D2}.Release|x64.ActiveCfg = Release|x64
		{46B2FAD0-6E07-43D6-B87A-526F6DAAD7D2}.Release|x64.Build.0 = Release|x64
		{46B2FAD0-6E07-43D6-B87A-526F6DAAD7D2}.Release|x86.ActiveCfg = Release|Win32
		{46B2FAD0-6E07-43D6-B87A-526F6DAAD7D2}.Release|x86.Build.0 = Release|Win32
	EndGlobalSection
	GlobalSection(SolutionProperties) = preSolution
		HideSolutionNode = FALSE
	EndGlobalSection
	GlobalSection(ExtensibilityGlobals) = postSolution
		SolutionGuid = {8B3F33EB-666F-4547-B794-3D11FA085155}
	EndGlobalSection
EndGlobal
